
Microsoft Visual Studio Solution File, Format Version 12.00
# Visual Studio 14
VisualStudioVersion = 14.0.25123.0
MinimumVisualStudioVersion = 10.0.40219.1
Project("{FAE04EC0-301F-11D3-BF4B-00C04F79EFBC}") = "BankAccount.Configuration", "BankAccount.Configuration\BankAccount.Configuration.csproj", "{000723DD-A2A4-4EEF-8C25-91AD19A5A943}"
EndProject
Project("{FAE04EC0-301F-11D3-BF4B-00C04F79EFBC}") = "BankAccount.Infrastructure", "BankAccount.Infrastructure\BankAccount.Infrastructure.csproj", "{4631996A-9EF1-481C-8FD8-BB895890973E}"
EndProject
Project("{FAE04EC0-301F-11D3-BF4B-00C04F79EFBC}") = "BankAccount.DbModel", "BankAccount.DbModel\BankAccount.DbModel.csproj", "{AA7B5305-AA5A-44CB-9096-E08B4F324912}"
EndProject
Project("{FAE04EC0-301F-11D3-BF4B-00C04F79EFBC}") = "BankAccount.Client", "BankAccount.Client\BankAccount.Client.csproj", "{49E1A3EB-0DB0-4086-9940-B90DF1E0CB5A}"
EndProject
Project("{FAE04EC0-301F-11D3-BF4B-00C04F79EFBC}") = "BankAccount.Libs", "BankAccount.Libs\BankAccount.Libs.csproj", "{89ECA3AB-B79D-4CE8-A276-0282B1645B26}"
EndProject
Project("{2150E333-8FDC-42A3-9474-1A3956D46DE8}") = "CommandStack", "CommandStack", "{C4C4067C-B435-434E-849A-11E316DD6D1B}"
EndProject
Project("{2150E333-8FDC-42A3-9474-1A3956D46DE8}") = "QueryStack", "QueryStack", "{1B8E0CB0-7468-487A-8BF8-89CD316AFF7C}"
EndProject
Project("{2150E333-8FDC-42A3-9474-1A3956D46DE8}") = "CqrsCore", "CqrsCore", "{12DD2262-F4F1-45B6-85EE-50B0EE289D7E}"
EndProject
Project("{2150E333-8FDC-42A3-9474-1A3956D46DE8}") = "Application", "Application", "{EDBD4CEF-9D13-4E4F-AD0F-1AA6C001F001}"
EndProject
Project("{FAE04EC0-301F-11D3-BF4B-00C04F79EFBC}") = "BankAccount.Events", "BankAccount.Events\BankAccount.Events.csproj", "{B5CA27EC-4D6C-4D3A-AD88-72C8B82B2873}"
EndProject
Project("{FAE04EC0-301F-11D3-BF4B-00C04F79EFBC}") = "BankAccount.Commands", "BankAccount.Commands\BankAccount.Commands.csproj", "{23B15498-75B1-4567-804D-6DC09B940C08}"
EndProject
Project("{FAE04EC0-301F-11D3-BF4B-00C04F79EFBC}") = "BankAccount.Domain", "BankAccount.Domain\BankAccount.Domain.csproj", "{B08AF9BC-675B-414D-8FC2-A2D06393B377}"
EndProject
Project("{FAE04EC0-301F-11D3-BF4B-00C04F79EFBC}") = "BankAccount.QueryStackDal", "BankAccount.QueryStackDal\BankAccount.QueryStackDal.csproj", "{B6C7C79C-FFFF-4F2F-99A2-FCC5960FBC9F}"
EndProject
Project("{FAE04EC0-301F-11D3-BF4B-00C04F79EFBC}") = "BankAccount.ApplicationLayer", "BankAccount.ApplicationLayer\BankAccount.ApplicationLayer.csproj", "{4D5FD3D9-B947-478A-817B-E86598898466}"
EndProject
Project("{FAE04EC0-301F-11D3-BF4B-00C04F79EFBC}") = "BankAccount.ValueTypes", "BankAccount.ValueTypes\BankAccount.ValueTypes.csproj", "{3F44E1CD-CB5C-4DF5-81FA-6220AE0EFFA7}"
EndProject
Project("{FAE04EC0-301F-11D3-BF4B-00C04F79EFBC}") = "BankAccount.EventStore", "BankAccount.EventStore\BankAccount.EventStore.csproj", "{21230A46-0B24-413E-B89A-CF1A2EE4A17B}"
EndProject
Project("{FAE04EC0-301F-11D3-BF4B-00C04F79EFBC}") = "BankAccount.ProcessManager", "BankAccount.ProcessManager\BankAccount.ProcessManager.csproj", "{57CA9FD6-6125-46BE-B24C-B036699DA122}"
EndProject
Project("{FAE04EC0-301F-11D3-BF4B-00C04F79EFBC}") = "BankAccount.ViewModels", "BankAccount.ViewModels\BankAccount.ViewModels.csproj", "{77F57F45-C20A-4AC9-AC9E-7D08242B9DA4}"
EndProject
Project("{FAE04EC0-301F-11D3-BF4B-00C04F79EFBC}") = "BankAccount.Denormalizers", "BankAccount.Denormalizers\BankAccount.Denormalizers.csproj", "{4DBD4B78-D84F-477F-AE8A-6C547351D420}"
EndProject
Global
	GlobalSection(SolutionConfigurationPlatforms) = preSolution
		Debug|Any CPU = Debug|Any CPU
		Release|Any CPU = Release|Any CPU
	EndGlobalSection
	GlobalSection(ProjectConfigurationPlatforms) = postSolution
		{000723DD-A2A4-4EEF-8C25-91AD19A5A943}.Debug|Any CPU.ActiveCfg = Debug|Any CPU
		{000723DD-A2A4-4EEF-8C25-91AD19A5A943}.Debug|Any CPU.Build.0 = Debug|Any CPU
		{000723DD-A2A4-4EEF-8C25-91AD19A5A943}.Release|Any CPU.ActiveCfg = Release|Any CPU
		{000723DD-A2A4-4EEF-8C25-91AD19A5A943}.Release|Any CPU.Build.0 = Release|Any CPU
		{4631996A-9EF1-481C-8FD8-BB895890973E}.Debug|Any CPU.ActiveCfg = Debug|Any CPU
		{4631996A-9EF1-481C-8FD8-BB895890973E}.Debug|Any CPU.Build.0 = Debug|Any CPU
		{4631996A-9EF1-481C-8FD8-BB895890973E}.Release|Any CPU.ActiveCfg = Release|Any CPU
		{4631996A-9EF1-481C-8FD8-BB895890973E}.Release|Any CPU.Build.0 = Release|Any CPU
		{AA7B5305-AA5A-44CB-9096-E08B4F324912}.Debug|Any CPU.ActiveCfg = Debug|Any CPU
		{AA7B5305-AA5A-44CB-9096-E08B4F324912}.Debug|Any CPU.Build.0 = Debug|Any CPU
		{AA7B5305-AA5A-44CB-9096-E08B4F324912}.Release|Any CPU.ActiveCfg = Release|Any CPU
		{AA7B5305-AA5A-44CB-9096-E08B4F324912}.Release|Any CPU.Build.0 = Release|Any CPU
		{49E1A3EB-0DB0-4086-9940-B90DF1E0CB5A}.Debug|Any CPU.ActiveCfg = Debug|Any CPU
		{49E1A3EB-0DB0-4086-9940-B90DF1E0CB5A}.Debug|Any CPU.Build.0 = Debug|Any CPU
		{49E1A3EB-0DB0-4086-9940-B90DF1E0CB5A}.Release|Any CPU.ActiveCfg = Release|Any CPU
		{49E1A3EB-0DB0-4086-9940-B90DF1E0CB5A}.Release|Any CPU.Build.0 = Release|Any CPU
		{89ECA3AB-B79D-4CE8-A276-0282B1645B26}.Debug|Any CPU.ActiveCfg = Debug|Any CPU
		{89ECA3AB-B79D-4CE8-A276-0282B1645B26}.Debug|Any CPU.Build.0 = Debug|Any CPU
		{89ECA3AB-B79D-4CE8-A276-0282B1645B26}.Release|Any CPU.ActiveCfg = Release|Any CPU
		{89ECA3AB-B79D-4CE8-A276-0282B1645B26}.Release|Any CPU.Build.0 = Release|Any CPU
		{B5CA27EC-4D6C-4D3A-AD88-72C8B82B2873}.Debug|Any CPU.ActiveCfg = Debug|Any CPU
		{B5CA27EC-4D6C-4D3A-AD88-72C8B82B2873}.Debug|Any CPU.Build.0 = Debug|Any CPU
		{B5CA27EC-4D6C-4D3A-AD88-72C8B82B2873}.Release|Any CPU.ActiveCfg = Release|Any CPU
		{B5CA27EC-4D6C-4D3A-AD88-72C8B82B2873}.Release|Any CPU.Build.0 = Release|Any CPU
		{23B15498-75B1-4567-804D-6DC09B940C08}.Debug|Any CPU.ActiveCfg = Debug|Any CPU
		{23B15498-75B1-4567-804D-6DC09B940C08}.Debug|Any CPU.Build.0 = Debug|Any CPU
		{23B15498-75B1-4567-804D-6DC09B940C08}.Release|Any CPU.ActiveCfg = Release|Any CPU
		{23B15498-75B1-4567-804D-6DC09B940C08}.Release|Any CPU.Build.0 = Release|Any CPU
		{B08AF9BC-675B-414D-8FC2-A2D06393B377}.Debug|Any CPU.ActiveCfg = Debug|Any CPU
		{B08AF9BC-675B-414D-8FC2-A2D06393B377}.Debug|Any CPU.Build.0 = Debug|Any CPU
		{B08AF9BC-675B-414D-8FC2-A2D06393B377}.Release|Any CPU.ActiveCfg = Release|Any CPU
		{B08AF9BC-675B-414D-8FC2-A2D06393B377}.Release|Any CPU.Build.0 = Release|Any CPU
		{B6C7C79C-FFFF-4F2F-99A2-FCC5960FBC9F}.Debug|Any CPU.ActiveCfg = Debug|Any CPU
		{B6C7C79C-FFFF-4F2F-99A2-FCC5960FBC9F}.Debug|Any CPU.Build.0 = Debug|Any CPU
		{B6C7C79C-FFFF-4F2F-99A2-FCC5960FBC9F}.Release|Any CPU.ActiveCfg = Release|Any CPU
		{B6C7C79C-FFFF-4F2F-99A2-FCC5960FBC9F}.Release|Any CPU.Build.0 = Release|Any CPU
		{4D5FD3D9-B947-478A-817B-E86598898466}.Debug|Any CPU.ActiveCfg = Debug|Any CPU
		{4D5FD3D9-B947-478A-817B-E86598898466}.Debug|Any CPU.Build.0 = Debug|Any CPU
		{4D5FD3D9-B947-478A-817B-E86598898466}.Release|Any CPU.ActiveCfg = Release|Any CPU
		{4D5FD3D9-B947-478A-817B-E86598898466}.Release|Any CPU.Build.0 = Release|Any CPU
		{3F44E1CD-CB5C-4DF5-81FA-6220AE0EFFA7}.Debug|Any CPU.ActiveCfg = Debug|Any CPU
		{3F44E1CD-CB5C-4DF5-81FA-6220AE0EFFA7}.Debug|Any CPU.Build.0 = Debug|Any CPU
		{3F44E1CD-CB5C-4DF5-81FA-6220AE0EFFA7}.Release|Any CPU.ActiveCfg = Release|Any CPU
		{3F44E1CD-CB5C-4DF5-81FA-6220AE0EFFA7}.Release|Any CPU.Build.0 = Release|Any CPU
		{21230A46-0B24-413E-B89A-CF1A2EE4A17B}.Debug|Any CPU.ActiveCfg = Debug|Any CPU
		{21230A46-0B24-413E-B89A-CF1A2EE4A17B}.Debug|Any CPU.Build.0 = Debug|Any CPU
		{21230A46-0B24-413E-B89A-CF1A2EE4A17B}.Release|Any CPU.ActiveCfg = Release|Any CPU
		{21230A46-0B24-413E-B89A-CF1A2EE4A17B}.Release|Any CPU.Build.0 = Release|Any CPU
		{57CA9FD6-6125-46BE-B24C-B036699DA122}.Debug|Any CPU.ActiveCfg = Debug|Any CPU
		{57CA9FD6-6125-46BE-B24C-B036699DA122}.Debug|Any CPU.Build.0 = Debug|Any CPU
		{57CA9FD6-6125-46BE-B24C-B036699DA122}.Release|Any CPU.ActiveCfg = Release|Any CPU
		{57CA9FD6-6125-46BE-B24C-B036699DA122}.Release|Any CPU.Build.0 = Release|Any CPU
		{77F57F45-C20A-4AC9-AC9E-7D08242B9DA4}.Debug|Any CPU.ActiveCfg = Debug|Any CPU
		{77F57F45-C20A-4AC9-AC9E-7D08242B9DA4}.Debug|Any CPU.Build.0 = Debug|Any CPU
		{77F57F45-C20A-4AC9-AC9E-7D08242B9DA4}.Release|Any CPU.ActiveCfg = Release|Any CPU
		{77F57F45-C20A-4AC9-AC9E-7D08242B9DA4}.Release|Any CPU.Build.0 = Release|Any CPU
		{4DBD4B78-D84F-477F-AE8A-6C547351D420}.Debug|Any CPU.ActiveCfg = Debug|Any CPU
		{4DBD4B78-D84F-477F-AE8A-6C547351D420}.Debug|Any CPU.Build.0 = Debug|Any CPU
		{4DBD4B78-D84F-477F-AE8A-6C547351D420}.Release|Any CPU.ActiveCfg = Release|Any CPU
		{4DBD4B78-D84F-477F-AE8A-6C547351D420}.Release|Any CPU.Build.0 = Release|Any CPU
	EndGlobalSection
	GlobalSection(SolutionProperties) = preSolution
		HideSolutionNode = FALSE
	EndGlobalSection
	GlobalSection(NestedProjects) = preSolution
		{000723DD-A2A4-4EEF-8C25-91AD19A5A943} = {12DD2262-F4F1-45B6-85EE-50B0EE289D7E}
		{4631996A-9EF1-481C-8FD8-BB895890973E} = {12DD2262-F4F1-45B6-85EE-50B0EE289D7E}
		{AA7B5305-AA5A-44CB-9096-E08B4F324912} = {1B8E0CB0-7468-487A-8BF8-89CD316AFF7C}
		{49E1A3EB-0DB0-4086-9940-B90DF1E0CB5A} = {EDBD4CEF-9D13-4E4F-AD0F-1AA6C001F001}
		{89ECA3AB-B79D-4CE8-A276-0282B1645B26} = {12DD2262-F4F1-45B6-85EE-50B0EE289D7E}
		{B5CA27EC-4D6C-4D3A-AD88-72C8B82B2873} = {C4C4067C-B435-434E-849A-11E316DD6D1B}
		{23B15498-75B1-4567-804D-6DC09B940C08} = {C4C4067C-B435-434E-849A-11E316DD6D1B}
		{B08AF9BC-675B-414D-8FC2-A2D06393B377} = {C4C4067C-B435-434E-849A-11E316DD6D1B}
		{B6C7C79C-FFFF-4F2F-99A2-FCC5960FBC9F} = {1B8E0CB0-7468-487A-8BF8-89CD316AFF7C}
		{4D5FD3D9-B947-478A-817B-E86598898466} = {EDBD4CEF-9D13-4E4F-AD0F-1AA6C001F001}
		{3F44E1CD-CB5C-4DF5-81FA-6220AE0EFFA7} = {C4C4067C-B435-434E-849A-11E316DD6D1B}
		{21230A46-0B24-413E-B89A-CF1A2EE4A17B} = {C4C4067C-B435-434E-849A-11E316DD6D1B}
		{57CA9FD6-6125-46BE-B24C-B036699DA122} = {C4C4067C-B435-434E-849A-11E316DD6D1B}
		{77F57F45-C20A-4AC9-AC9E-7D08242B9DA4} = {1B8E0CB0-7468-487A-8BF8-89CD316AFF7C}
		{4DBD4B78-D84F-477F-AE8A-6C547351D420} = {1B8E0CB0-7468-487A-8BF8-89CD316AFF7C}
	EndGlobalSection
EndGlobal
